
Microsoft Visual Studio Solution File, Format Version 12.00
# Visual Studio Version 17
VisualStudioVersion = 17.11.35312.102
MinimumVisualStudioVersion = 10.0.40219.1
Project("{FAE04EC0-301F-11D3-BF4B-00C04F79EFBC}") = "Browar.Server", "Browar.Server\Browar.Server.csproj", "{0874386A-0AA7-48AC-B574-C6B14BC7C7F7}"
EndProject
Project("{54A90642-561A-4BB1-A94E-469ADEE60C69}") = "browar.client", "browar.client\browar.client.esproj", "{0968A6E4-69C9-4701-8F24-E00EA37370C0}"
EndProject
Global
	GlobalSection(SolutionConfigurationPlatforms) = preSolution
		Debug|Any CPU = Debug|Any CPU
		Release|Any CPU = Release|Any CPU
	EndGlobalSection
	GlobalSection(ProjectConfigurationPlatforms) = postSolution
		{0874386A-0AA7-48AC-B574-C6B14BC7C7F7}.Debug|Any CPU.ActiveCfg = Debug|Any CPU
		{0874386A-0AA7-48AC-B574-C6B14BC7C7F7}.Debug|Any CPU.Build.0 = Debug|Any CPU
		{0874386A-0AA7-48AC-B574-C6B14BC7C7F7}.Release|Any CPU.ActiveCfg = Release|Any CPU
		{0874386A-0AA7-48AC-B574-C6B14BC7C7F7}.Release|Any CPU.Build.0 = Release|Any CPU
		{0968A6E4-69C9-4701-8F24-E00EA37370C0}.Debug|Any CPU.ActiveCfg = Debug|Any CPU
		{0968A6E4-69C9-4701-8F24-E00EA37370C0}.Debug|Any CPU.Build.0 = Debug|Any CPU
		{0968A6E4-69C9-4701-8F24-E00EA37370C0}.Debug|Any CPU.Deploy.0 = Debug|Any CPU
		{0968A6E4-69C9-4701-8F24-E00EA37370C0}.Release|Any CPU.ActiveCfg = Release|Any CPU
		{0968A6E4-69C9-4701-8F24-E00EA37370C0}.Release|Any CPU.Build.0 = Release|Any CPU
		{0968A6E4-69C9-4701-8F24-E00EA37370C0}.Release|Any CPU.Deploy.0 = Release|Any CPU
	EndGlobalSection
	GlobalSection(SolutionProperties) = preSolution
		HideSolutionNode = FALSE
	EndGlobalSection
	GlobalSection(ExtensibilityGlobals) = postSolution
		SolutionGuid = {D9FA023D-43DB-45BE-BF34-BB811C860480}
	EndGlobalSection
EndGlobal
